
Microsoft Visual Studio Solution File, Format Version 12.00
# Visual Studio 2013
VisualStudioVersion = 12.0.30501.0
MinimumVisualStudioVersion = 10.0.40219.1
Project("{8BC9CEB8-8B4A-11D0-8D11-00A0C91BC942}") = "Client", "Client\Client.vcxproj", "{439632B8-5855-47D0-8B60-922E01084E3D}"
EndProject
Project("{8BC9CEB8-8B4A-11D0-8D11-00A0C91BC942}") = "Server", "Server\Server.vcxproj", "{5A5DDC1E-EB8C-4E92-BE12-48DFED5D472D}"
EndProject
Global
	GlobalSection(SolutionConfigurationPlatforms) = preSolution
		Debug|Win32 = Debug|Win32
		Release|Win32 = Release|Win32
	EndGlobalSection
	GlobalSection(ProjectConfigurationPlatforms) = postSolution
		{439632B8-5855-47D0-8B60-922E01084E3D}.Debug|Win32.ActiveCfg = Debug|Win32
		{439632B8-5855-47D0-8B60-922E01084E3D}.Debug|Win32.Build.0 = Debug|Win32
		{439632B8-5855-47D0-8B60-922E01084E3D}.Release|Win32.ActiveCfg = Release|Win32
		{439632B8-5855-47D0-8B60-922E01084E3D}.Release|Win32.Build.0 = Release|Win32
		{5A5DDC1E-EB8C-4E92-BE12-48DFED5D472D}.Debug|Win32.ActiveCfg = Debug|Win32
		{5A5DDC1E-EB8C-4E92-BE12-48DFED5D472D}.Debug|Win32.Build.0 = Debug|Win32
		{5A5DDC1E-EB8C-4E92-BE12-48DFED5D472D}.Release|Win32.ActiveCfg = Release|Win32
		{5A5DDC1E-EB8C-4E92-BE12-48DFED5D472D}.Release|Win32.Build.0 = Release|Win32
	EndGlobalSection
	GlobalSection(SolutionProperties) = preSolution
		HideSolutionNode = FALSE
	EndGlobalSection
EndGlobal
